
Microsoft Visual Studio Solution File, Format Version 12.00
# Visual Studio Version 16
VisualStudioVersion = 16.0.30517.126
MinimumVisualStudioVersion = 10.0.40219.1
Project("{8BC9CEB8-8B4A-11D0-8D11-00A0C91BC942}") = "mikhailyukov_lab_4", "mikhailyukov_lab_4\mikhailyukov_lab_4.vcxproj", "{9DB01CAC-9704-468D-A0F5-1C08CE06306D}"
EndProject
Global
	GlobalSection(SolutionConfigurationPlatforms) = preSolution
		Debug|x64 = Debug|x64
		Debug|x86 = Debug|x86
		Release|x64 = Release|x64
		Release|x86 = Release|x86
	EndGlobalSection
	GlobalSection(ProjectConfigurationPlatforms) = postSolution
		{9DB01CAC-9704-468D-A0F5-1C08CE06306D}.Debug|x64.ActiveCfg = Debug|x64
		{9DB01CAC-9704-468D-A0F5-1C08CE06306D}.Debug|x64.Build.0 = Debug|x64
		{9DB01CAC-9704-468D-A0F5-1C08CE06306D}.Debug|x86.ActiveCfg = Debug|Win32
		{9DB01CAC-9704-468D-A0F5-1C08CE06306D}.Debug|x86.Build.0 = Debug|Win32
		{9DB01CAC-9704-468D-A0F5-1C08CE06306D}.Release|x64.ActiveCfg = Release|x64
		{9DB01CAC-9704-468D-A0F5-1C08CE06306D}.Release|x64.Build.0 = Release|x64
		{9DB01CAC-9704-468D-A0F5-1C08CE06306D}.Release|x86.ActiveCfg = Release|Win32
		{9DB01CAC-9704-468D-A0F5-1C08CE06306D}.Release|x86.Build.0 = Release|Win32
	EndGlobalSection
	GlobalSection(SolutionProperties) = preSolution
		HideSolutionNode = FALSE
	EndGlobalSection
	GlobalSection(ExtensibilityGlobals) = postSolution
		SolutionGuid = {4777F502-D821-41BC-8299-B715B6D34546}
	EndGlobalSection
EndGlobal
